{
  "name": "city-eater",
  "version": "1.0.0",
  "lockfileVersion": 3,
  "requires": true,
  "packages": {
    "": {
      "name": "city-eater",
      "version": "1.0.0",
      "license": "ISC",
      "dependencies": {
        "easystarjs": "^0.4.4",
        "phaser": "^3.88.2"
      }
    },
    "node_modules/easystarjs": {
      "version": "0.4.4",
      "resolved": "https://registry.npmjs.org/easystarjs/-/easystarjs-0.4.4.tgz",
      "integrity": "sha512-ZSt0TkB8xuIXRIrKsM3jkmk1/cZUtyvf0DqOXf6wuKq9slx9UA5kkLtiaWhtmOQFJFKdabbvXwk6RO0znghArQ==",
      "dependencies": {
        "heap": "0.2.6"
      }
    },
    "node_modules/eventemitter3": {
      "version": "5.0.1",
      "resolved": "https://registry.npmjs.org/eventemitter3/-/eventemitter3-5.0.1.tgz",
      "integrity": "sha512-GWkBvjiSZK87ELrYOSESUYeVIc9mvLLf/nXalMOS5dYrgZq9o5OVkbZAVM06CVxYsCwH9BDZFPlQTlPA1j4ahA=="
    },
    "node_modules/heap": {
      "version": "0.2.6",
      "resolved": "https://registry.npmjs.org/heap/-/heap-0.2.6.tgz",
      "integrity": "sha512-MzzWcnfB1e4EG2vHi3dXHoBupmuXNZzx6pY6HldVS55JKKBoq3xOyzfSaZRkJp37HIhEYC78knabHff3zc4dQQ=="
    },
    "node_modules/phaser": {
      "version": "3.88.2",
      "resolved": "https://registry.npmjs.org/phaser/-/phaser-3.88.2.tgz",
      "integrity": "sha512-UBgd2sAFuRJbF2xKaQ5jpMWB8oETncChLnymLGHcrnT53vaqiGrQWbUKUDBawKLm24sghjKo4Bf+/xfv8espZQ==",
      "dependencies": {
        "eventemitter3": "^5.0.1"
      }
    }
  }
}
